<?xml version="1.0" encoding="utf-8"?>
<Project ToolsVersion="4.0" xmlns="http://schemas.microsoft.com/developer/msbuild/2003">
  <ItemGroup>
    <Filter Include="Source Files">
      <UniqueIdentifier>{4FC737F1-C7A5-4376-A066-2A32D752A2FF}</UniqueIdentifier>
      <Extensions>cpp;cxx;c;def</Extensions>
    </Filter>
    <Filter Include="Header Files">
      <UniqueIdentifier>{93995380-89BD-4b04-88EB-625FBE52EBFB}</UniqueIdentifier>
      <Extensions>h</Extensions>
    </Filter>
    <Filter Include="Form Files">
      <UniqueIdentifier>{99349809-55BA-4b9d-BF79-8FDBB0286EB3}</UniqueIdentifier>
      <Extensions>ui</Extensions>
    </Filter>
    <Filter Include="Resource Files">
      <UniqueIdentifier>{D9D6E242-F8AF-46E4-B9FD-80ECBC20BA3E}</UniqueIdentifier>
      <Extensions>qrc;*</Extensions>
      <ParseFiles>false</ParseFiles>
    </Filter>
    <Filter Include="Generated Files">
      <UniqueIdentifier>{71ED8ED8-ACB9-4CE9-BBE1-E00B30144E11}</UniqueIdentifier>
      <Extensions>moc;h;cpp</Extensions>
      <SourceControlFiles>False</SourceControlFiles>
    </Filter>
    <Filter Include="Generated Files\Debug">
      <UniqueIdentifier>{978a4f47-91f1-43ba-85d3-0086a2242f44}</UniqueIdentifier>
      <Extensions>cpp;moc</Extensions>
      <SourceControlFiles>False</SourceControlFiles>
    </Filter>
    <Filter Include="Generated Files\Release">
      <UniqueIdentifier>{1b93917f-e384-4aae-a9ca-e5f1b477976d}</UniqueIdentifier>
      <Extensions>cpp;moc</Extensions>
      <SourceControlFiles>False</SourceControlFiles>
    </Filter>
    <Filter Include="Header Files\file">
      <UniqueIdentifier>{1721b186-9044-4b42-8a5e-fb9498c5cc12}</UniqueIdentifier>
    </Filter>
    <Filter Include="Header Files\viewer">
      <UniqueIdentifier>{8e93277d-0fe2-486b-ab2f-397b2f3f13d9}</UniqueIdentifier>
    </Filter>
    <Filter Include="Header Files\ui">
      <UniqueIdentifier>{28305db3-b081-4533-8d7d-75043f4c36d1}</UniqueIdentifier>
    </Filter>
    <Filter Include="Source Files\ui">
      <UniqueIdentifier>{527b7adb-a82e-4c93-b3f5-54c5d9a55439}</UniqueIdentifier>
    </Filter>
    <Filter Include="Header Files\grabber">
      <UniqueIdentifier>{dd3bf796-b547-4994-8582-6f9af857a35f}</UniqueIdentifier>
    </Filter>
    <Filter Include="Header Files\grabber\rsgrabber">
      <UniqueIdentifier>{7c319a69-68ad-403a-8e91-e56f03b89666}</UniqueIdentifier>
    </Filter>
    <Filter Include="Header Files\arduino">
      <UniqueIdentifier>{41a9f3dd-8f8e-4830-851a-4be17e7b45d2}</UniqueIdentifier>
    </Filter>
    <Filter Include="Source Files\arduino">
      <UniqueIdentifier>{7cd06025-8f75-459a-af44-08b21a664260}</UniqueIdentifier>
    </Filter>
    <Filter Include="Source Files\viewer">
      <UniqueIdentifier>{34e0f40b-bbc0-4bca-beeb-b6b367d215b9}</UniqueIdentifier>
    </Filter>
    <Filter Include="Source Files\grabber">
      <UniqueIdentifier>{78465bda-bce3-4b4d-af0a-1c193e07bbf2}</UniqueIdentifier>
    </Filter>
    <Filter Include="Header Files\myPointCloud">
      <UniqueIdentifier>{2577dd1c-15c4-4633-8f7d-162f9db3f9aa}</UniqueIdentifier>
    </Filter>
  </ItemGroup>
  <ItemGroup>
    <ClCompile Include="include\main.cpp">
      <Filter>Source Files</Filter>
    </ClCompile>
    <ClCompile Include="include\ui\mainWindow.cpp">
      <Filter>Source Files\ui</Filter>
    </ClCompile>
    <ClCompile Include="GeneratedFiles\Debug\moc_mainWindow.cpp">
      <Filter>Generated Files\Debug</Filter>
    </ClCompile>
    <ClCompile Include="GeneratedFiles\Release\moc_mainWindow.cpp">
      <Filter>Generated Files\Release</Filter>
    </ClCompile>
    <ClCompile Include="GeneratedFiles\qrc_mainWindow.cpp">
      <Filter>Generated Files</Filter>
    </ClCompile>
    <ClCompile Include="include\grabber\rsgrabber\real_sense_grabber.cpp">
      <Filter>Header Files\grabber\rsgrabber</Filter>
    </ClCompile>
    <ClCompile Include="include\arduino\tserial.cpp">
      <Filter>Source Files\arduino</Filter>
    </ClCompile>
    <ClCompile Include="include\pModel.cpp">
      <Filter>Source Files</Filter>
    </ClCompile>
    <ClCompile Include="include\viewer\viewerNotify.cpp">
      <Filter>Source Files\viewer</Filter>
    </ClCompile>
    <ClCompile Include="include\grabber\grabberNotify.cpp">
      <Filter>Source Files\grabber</Filter>
    </ClCompile>
  </ItemGroup>
  <ItemGroup>
    <CustomBuild Include="include\ui\mainWindow.h">
      <Filter>Header Files\ui</Filter>
    </CustomBuild>
    <CustomBuild Include="mainWindow.qrc">
      <Filter>Resource Files</Filter>
    </CustomBuild>
    <CustomBuild Include="mainWindow.ui">
      <Filter>Header Files</Filter>
    </CustomBuild>
  </ItemGroup>
  <ItemGroup>
    <ClInclude Include="include\viewer\viewer.h">
      <Filter>Header Files\viewer</Filter>
    </ClInclude>
    <ClInclude Include="include\file\3DFile.h">
      <Filter>Header Files\file</Filter>
    </ClInclude>
    <ClInclude Include="include\file\fileFactory.h">
      <Filter>Header Files\file</Filter>
    </ClInclude>
    <ClInclude Include="include\file\objFile.h">
      <Filter>Header Files\file</Filter>
    </ClInclude>
    <ClInclude Include="include\pModel.h">
      <Filter>Header Files</Filter>
    </ClInclude>
    <ClInclude Include="include\file\plyFile.h">
      <Filter>Header Files\file</Filter>
    </ClInclude>
    <ClInclude Include="include\grabber\rsGrabber.h">
      <Filter>Header Files\grabber</Filter>
    </ClInclude>
    <ClInclude Include="include\grabber\grabber.h">
      <Filter>Header Files\grabber</Filter>
    </ClInclude>
    <ClInclude Include="include\grabber\grabberFactory.h">
      <Filter>Header Files\grabber</Filter>
    </ClInclude>
    <ClInclude Include="include\grabber\rsgrabber\buffers.h">
      <Filter>Header Files\grabber\rsgrabber</Filter>
    </ClInclude>
    <ClInclude Include="include\grabber\rsgrabber\buffers.hpp">
      <Filter>Header Files\grabber\rsgrabber</Filter>
    </ClInclude>
    <ClInclude Include="include\grabber\rsgrabber\io_exception.h">
      <Filter>Header Files\grabber\rsgrabber</Filter>
    </ClInclude>
    <ClInclude Include="include\grabber\rsgrabber\real_sense_device_manager.h">
      <Filter>Header Files\grabber\rsgrabber</Filter>
    </ClInclude>
    <ClInclude Include="include\grabber\rsgrabber\real_sense_grabber.h">
      <Filter>Header Files\grabber\rsgrabber</Filter>
    </ClInclude>
    <ClInclude Include="include\grabber\rsgrabber\time.h">
      <Filter>Header Files\grabber\rsgrabber</Filter>
    </ClInclude>
    <ClInclude Include="include\grabber\grabberNotify.h">
      <Filter>Header Files\grabber</Filter>
    </ClInclude>
    <ClInclude Include="include\viewer\viewerNotify.h">
      <Filter>Header Files\viewer</Filter>
    </ClInclude>
    <ClInclude Include="include\arduino\tserial.h">
      <Filter>Header Files\arduino</Filter>
    </ClInclude>
    <ClInclude Include="include\file\pcdFile.h">
      <Filter>Header Files\file</Filter>
    </ClInclude>
    <ClInclude Include="include\myPointCloud\myPointCloud.h">
      <Filter>Header Files\myPointCloud</Filter>
    </ClInclude>
    <ClInclude Include="include\myPointCloud\myPointClouds.h">
      <Filter>Header Files\myPointCloud</Filter>
    </ClInclude>
    <ClInclude Include="GeneratedFiles\ui_mainwindow.h">
      <Filter>Generated Files</Filter>
    </ClInclude>
  </ItemGroup>
</Project>